
Microsoft Visual Studio Solution File, Format Version 12.00
# Visual Studio Version 16
VisualStudioVersion = 16.0.31729.503
MinimumVisualStudioVersion = 10.0.40219.1
Project("{FAE04EC0-301F-11D3-BF4B-00C04F79EFBC}") = "dinersBatchProcessor", "dinersBatchProcessor\dinersBatchProcessor.csproj", "{391BB1C0-B61C-4ACF-8B8E-2DB4E0BE5DEA}"
EndProject
Global
	GlobalSection(SolutionConfigurationPlatforms) = preSolution
		Debug|Any CPU = Debug|Any CPU
		Release|Any CPU = Release|Any CPU
	EndGlobalSection
	GlobalSection(ProjectConfigurationPlatforms) = postSolution
		{391BB1C0-B61C-4ACF-8B8E-2DB4E0BE5DEA}.Debug|Any CPU.ActiveCfg = Debug|Any CPU
		{391BB1C0-B61C-4ACF-8B8E-2DB4E0BE5DEA}.Debug|Any CPU.Build.0 = Debug|Any CPU
		{391BB1C0-B61C-4ACF-8B8E-2DB4E0BE5DEA}.Release|Any CPU.ActiveCfg = Release|Any CPU
		{391BB1C0-B61C-4ACF-8B8E-2DB4E0BE5DEA}.Release|Any CPU.Build.0 = Release|Any CPU
	EndGlobalSection
	GlobalSection(SolutionProperties) = preSolution
		HideSolutionNode = FALSE
	EndGlobalSection
	GlobalSection(ExtensibilityGlobals) = postSolution
		SolutionGuid = {03F1D1B8-6A40-4608-9461-43FB10E6917F}
	EndGlobalSection
EndGlobal
